
#include<iostream>
#include<string>
using namespace std;
class bank_account
{
private:
	char type_of_account;
	string name;
	int account_number;
	long balance_amount;
	long deposit_amount;
	long withdraw_amount;
public:
	//constructor
	bank_account()
	{
		type_of_account = 'C';
		name = "business";
		account_number = 1;
		balance_amount = 1000;
	}
	
	void set_type()
	{
		cin>>type_of_account ;
	}
	char get_type()
	{
		return type_of_account;
	}
	//----------------------------------
	void set_balance()
	{
		cin>>balance_amount;
	}
	long get_balance()
	{int z= balance_amount+deposit_amount-withdraw_amount;
	return z;
	}

	long deposit()
	{
		 cin>>deposit_amount;
		return deposit_amount;
	}
	long withdraw()
	{
		cin>> withdraw_amount;
		if (withdraw_amount > balance_amount)
		{
			cout << "  invalid please enter valid withdraw ";
			cin >> withdraw_amount;
		}
		
		return withdraw_amount;
	}
	void display()
	{
		cout << "\n ----------------------";
		cout << "\n Accout No. : " << account_number;
		cout << "\n Name : " << name;
		cout << "\n Account Type : " << type_of_account;
		cout << "\n Balance : " << get_balance()<<endl;
	}
};
int main()
{
	int x;
	cout << " enter size of customers : ";
	cin >> x;
	bank_account* ptr = new bank_account[x];

	for (int i = 0; i < x; i++)
	{
		cout << " account type : ";
		ptr[i].set_type();
		cout << " Balance :" << endl;
		ptr[i].set_balance();
		cout << " enter  deposit amount = ";
		ptr[i].deposit();
		cout << " enter withdraw amount  = ";
		ptr[i].withdraw();
		cout << endl;
	}
	for (int i = 0; i < x; i++)
	{
		ptr[i].display();
	}

	system("pause");
	return 0;
}
